
Microsoft Visual Studio Solution File, Format Version 12.00
# Visual Studio Version 17
VisualStudioVersion = 17.0.31903.59
MinimumVisualStudioVersion = 10.0.40219.1
Project("{9A19103F-16F7-4668-BE54-9A1E7A4F7556}") = "FamFeederFunction", "FamFeederFunction\FamFeederFunction.csproj", "{E5E76EAA-DE51-45F2-B259-926341CBAA5D}"
EndProject
Project("{9A19103F-16F7-4668-BE54-9A1E7A4F7556}") = "Infrastructure", "Infrastructure\Infrastructure.csproj", "{10D5E651-5C9D-46BF-8F3D-824756E94C3F}"
EndProject
Project("{9A19103F-16F7-4668-BE54-9A1E7A4F7556}") = "Core", "Core\Core.csproj", "{FECAE60F-9E28-4453-8DFB-2187BDC2FB62}"
EndProject
Project("{2150E333-8FDC-42A3-9474-1A3956D46DE8}") = "Solution Items", "Solution Items", "{A1B8F932-015E-40F7-941F-4CF915A84754}"
	ProjectSection(SolutionItems) = preProject
		pipelines\azure-pipelines.yml = pipelines\azure-pipelines.yml
	EndProjectSection
EndProject
Global
	GlobalSection(SolutionConfigurationPlatforms) = preSolution
		Debug|Any CPU = Debug|Any CPU
		Debug|x64 = Debug|x64
		Release|Any CPU = Release|Any CPU
		Release|x64 = Release|x64
	EndGlobalSection
	GlobalSection(ProjectConfigurationPlatforms) = postSolution
		{E5E76EAA-DE51-45F2-B259-926341CBAA5D}.Debug|Any CPU.ActiveCfg = Debug|Any CPU
		{E5E76EAA-DE51-45F2-B259-926341CBAA5D}.Debug|Any CPU.Build.0 = Debug|Any CPU
		{E5E76EAA-DE51-45F2-B259-926341CBAA5D}.Debug|x64.ActiveCfg = Debug|x64
		{E5E76EAA-DE51-45F2-B259-926341CBAA5D}.Debug|x64.Build.0 = Debug|x64
		{E5E76EAA-DE51-45F2-B259-926341CBAA5D}.Release|Any CPU.ActiveCfg = Release|Any CPU
		{E5E76EAA-DE51-45F2-B259-926341CBAA5D}.Release|Any CPU.Build.0 = Release|Any CPU
		{E5E76EAA-DE51-45F2-B259-926341CBAA5D}.Release|x64.ActiveCfg = Release|x64
		{E5E76EAA-DE51-45F2-B259-926341CBAA5D}.Release|x64.Build.0 = Release|x64
		{10D5E651-5C9D-46BF-8F3D-824756E94C3F}.Debug|Any CPU.ActiveCfg = Debug|Any CPU
		{10D5E651-5C9D-46BF-8F3D-824756E94C3F}.Debug|Any CPU.Build.0 = Debug|Any CPU
		{10D5E651-5C9D-46BF-8F3D-824756E94C3F}.Debug|x64.ActiveCfg = Debug|x64
		{10D5E651-5C9D-46BF-8F3D-824756E94C3F}.Debug|x64.Build.0 = Debug|x64
		{10D5E651-5C9D-46BF-8F3D-824756E94C3F}.Release|Any CPU.ActiveCfg = Release|Any CPU
		{10D5E651-5C9D-46BF-8F3D-824756E94C3F}.Release|Any CPU.Build.0 = Release|Any CPU
		{10D5E651-5C9D-46BF-8F3D-824756E94C3F}.Release|x64.ActiveCfg = Release|x64
		{10D5E651-5C9D-46BF-8F3D-824756E94C3F}.Release|x64.Build.0 = Release|x64
		{FECAE60F-9E28-4453-8DFB-2187BDC2FB62}.Debug|Any CPU.ActiveCfg = Debug|Any CPU
		{FECAE60F-9E28-4453-8DFB-2187BDC2FB62}.Debug|Any CPU.Build.0 = Debug|Any CPU
		{FECAE60F-9E28-4453-8DFB-2187BDC2FB62}.Debug|x64.ActiveCfg = Debug|x64
		{FECAE60F-9E28-4453-8DFB-2187BDC2FB62}.Debug|x64.Build.0 = Debug|x64
		{FECAE60F-9E28-4453-8DFB-2187BDC2FB62}.Release|Any CPU.ActiveCfg = Release|Any CPU
		{FECAE60F-9E28-4453-8DFB-2187BDC2FB62}.Release|Any CPU.Build.0 = Release|Any CPU
		{FECAE60F-9E28-4453-8DFB-2187BDC2FB62}.Release|x64.ActiveCfg = Release|x64
		{FECAE60F-9E28-4453-8DFB-2187BDC2FB62}.Release|x64.Build.0 = Release|x64
	EndGlobalSection
	GlobalSection(SolutionProperties) = preSolution
		HideSolutionNode = FALSE
	EndGlobalSection
	GlobalSection(ExtensibilityGlobals) = postSolution
		SolutionGuid = {315CCB52-743E-46F8-BD31-D82BF27074D0}
	EndGlobalSection
EndGlobal
